
Microsoft Visual Studio Solution File, Format Version 12.00
# Visual Studio Version 17
VisualStudioVersion = 17.2.32519.379
MinimumVisualStudioVersion = 10.0.40219.1
Project("{FAE04EC0-301F-11D3-BF4B-00C04F79EFBC}") = "XFIA-API", "XFIA-API.csproj", "{8F9661A5-8C21-4A62-BC7B-EEE89DECBC64}"
EndProject
Global
	GlobalSection(SolutionConfigurationPlatforms) = preSolution
		Debug|Any CPU = Debug|Any CPU
		Release|Any CPU = Release|Any CPU
	EndGlobalSection
	GlobalSection(ProjectConfigurationPlatforms) = postSolution
		{8F9661A5-8C21-4A62-BC7B-EEE89DECBC64}.Debug|Any CPU.ActiveCfg = Debug|Any CPU
		{8F9661A5-8C21-4A62-BC7B-EEE89DECBC64}.Debug|Any CPU.Build.0 = Debug|Any CPU
		{8F9661A5-8C21-4A62-BC7B-EEE89DECBC64}.Release|Any CPU.ActiveCfg = Release|Any CPU
		{8F9661A5-8C21-4A62-BC7B-EEE89DECBC64}.Release|Any CPU.Build.0 = Release|Any CPU
	EndGlobalSection
	GlobalSection(SolutionProperties) = preSolution
		HideSolutionNode = FALSE
	EndGlobalSection
	GlobalSection(ExtensibilityGlobals) = postSolution
		SolutionGuid = {C956BF53-B469-477B-9752-7663E75EB9E6}
	EndGlobalSection
EndGlobal
